{
  "nodes": {
    "checkmk": {
      "flake": false,
      "locked": {
        "lastModified": 1715668589,
        "narHash": "sha256-rk+OZOvAFWTaV5TZrWjoDQdH9atb78m0dUZvAQLSE8E=",
        "owner": "tribe29",
        "repo": "checkmk",
        "rev": "5ba483a2e011b281853e3d4789c7f77d5bd2915c",
        "type": "github"
      },
      "original": {
        "owner": "tribe29",
        "ref": "v2.3.0p2",
        "repo": "checkmk",
        "type": "github"
      }
    },
    "nixpkgs": {
      "locked": {
        "lastModified": 1716137900,
        "narHash": "sha256-sowPU+tLQv8GlqtVtsXioTKeaQvlMz/pefcdwg8MvfM=",
        "owner": "NixOS",
        "repo": "nixpkgs",
        "rev": "6c0b7a92c30122196a761b440ac0d46d3d9954f1",
        "type": "github"
      },
      "original": {
        "id": "nixpkgs",
        "ref": "nixos-unstable",
        "type": "indirect"
      }
    },
    "root": {
      "inputs": {
        "checkmk": "checkmk",
        "nixpkgs": "nixpkgs"
      }
    }
  },
  "root": "root",
  "version": 7
}
